
Microsoft Visual Studio Solution File, Format Version 12.00
# Visual Studio 14
VisualStudioVersion = 14.0.23107.0
MinimumVisualStudioVersion = 10.0.40219.1
Project("{FAE04EC0-301F-11D3-BF4B-00C04F79EFBC}") = "ProjectA", "ProjectA.csproj", "{0C61806F-541E-4F4D-AD64-D4D3C32DA8EC}"
EndProject
Project("{FAE04EC0-301F-11D3-BF4B-00C04F79EFBC}") = "ProjectB", "..\ProjectB\ProjectB.csproj", "{DFFE8C93-2C4F-4BBF-8F2C-F525516E759D}"
EndProject
Project("{FAE04EC0-301F-11D3-BF4B-00C04F79EFBC}") = "ProjectC", "ProjectC\ProjectC.csproj", "{D947B053-EB35-460F-9517-68AE452C8D33}"
EndProject
Global
	GlobalSection(SolutionConfigurationPlatforms) = preSolution
		Debug|Any CPU = Debug|Any CPU
		Release|Any CPU = Release|Any CPU
	EndGlobalSection
	GlobalSection(ProjectConfigurationPlatforms) = postSolution
		{0C61806F-541E-4F4D-AD64-D4D3C32DA8EC}.Debug|Any CPU.ActiveCfg = Debug|Any CPU
		{0C61806F-541E-4F4D-AD64-D4D3C32DA8EC}.Debug|Any CPU.Build.0 = Debug|Any CPU
		{0C61806F-541E-4F4D-AD64-D4D3C32DA8EC}.Release|Any CPU.ActiveCfg = Release|Any CPU
		{0C61806F-541E-4F4D-AD64-D4D3C32DA8EC}.Release|Any CPU.Build.0 = Release|Any CPU
		{DFFE8C93-2C4F-4BBF-8F2C-F525516E759D}.Debug|Any CPU.ActiveCfg = Debug|Any CPU
		{DFFE8C93-2C4F-4BBF-8F2C-F525516E759D}.Debug|Any CPU.Build.0 = Debug|Any CPU
		{DFFE8C93-2C4F-4BBF-8F2C-F525516E759D}.Release|Any CPU.ActiveCfg = Release|Any CPU
		{DFFE8C93-2C4F-4BBF-8F2C-F525516E759D}.Release|Any CPU.Build.0 = Release|Any CPU
		{D947B053-EB35-460F-9517-68AE452C8D33}.Debug|Any CPU.ActiveCfg = Debug|Any CPU
		{D947B053-EB35-460F-9517-68AE452C8D33}.Debug|Any CPU.Build.0 = Debug|Any CPU
		{D947B053-EB35-460F-9517-68AE452C8D33}.Release|Any CPU.ActiveCfg = Release|Any CPU
		{D947B053-EB35-460F-9517-68AE452C8D33}.Release|Any CPU.Build.0 = Release|Any CPU
	EndGlobalSection
	GlobalSection(SolutionProperties) = preSolution
		HideSolutionNode = FALSE
	EndGlobalSection
EndGlobal
